
Microsoft Visual Studio Solution File, Format Version 12.00
# Visual Studio Version 16
VisualStudioVersion = 16.0.29920.165
MinimumVisualStudioVersion = 10.0.40219.1
Project("{2150E333-8FDC-42A3-9474-1A3956D46DE8}") = "CafeProject.General", "CafeProject.General", "{C4A01D37-097C-4914-932B-4CE7A6408252}"
EndProject
Project("{2150E333-8FDC-42A3-9474-1A3956D46DE8}") = "CafeProject.Mobile", "CafeProject.Mobile", "{53623744-4819-4E85-BA7C-0C091DACCEE0}"
EndProject
Project("{2150E333-8FDC-42A3-9474-1A3956D46DE8}") = "CafeProject.Desktop", "CafeProject.Desktop", "{5ADEB6C0-66C0-4BD9-8D1C-D9A95EEE2AE5}"
EndProject
Project("{2150E333-8FDC-42A3-9474-1A3956D46DE8}") = "CafeProject.Web", "CafeProject.Web", "{2548C5F9-9EB4-429C-AF21-0D2A5B43587A}"
EndProject
Project("{FAE04EC0-301F-11D3-BF4B-00C04F79EFBC}") = "CP.Mobile.iOS", "CP.Mobile\CP.Mobile.iOS\CP.Mobile.iOS.csproj", "{651D8155-EEF3-4263-8798-005EF9A9AB29}"
EndProject
Project("{9A19103F-16F7-4668-BE54-9A1E7A4F7556}") = "CP.Mobile", "CP.Mobile\CP.Mobile\CP.Mobile.csproj", "{A3B8816F-D644-4398-A4D9-04F60F4F44E6}"
EndProject
Project("{FAE04EC0-301F-11D3-BF4B-00C04F79EFBC}") = "CP.DesktopUI", "CP.DesktopUI\CP.DesktopUI.csproj", "{9D37B782-ADCB-4790-9C03-EB5B072EC776}"
EndProject
Project("{FAE04EC0-301F-11D3-BF4B-00C04F79EFBC}") = "CP.BusinessLayer", "CP.BusinessLayer\CP.BusinessLayer.csproj", "{DF82C02B-D7D9-41FF-AC7D-F7C85BB56C3E}"
EndProject
Project("{FAE04EC0-301F-11D3-BF4B-00C04F79EFBC}") = "CP.WebUI", "CP.WebUI\CP.WebUI.csproj", "{944101A1-F0B4-4444-8739-9B45A1D44E6E}"
EndProject
Project("{FAE04EC0-301F-11D3-BF4B-00C04F79EFBC}") = "CP.Entities", "CP.Entities\CP.Entities.csproj", "{BC027EB7-78F7-4106-9963-3426C8DC9C05}"
EndProject
Project("{FAE04EC0-301F-11D3-BF4B-00C04F79EFBC}") = "CP.WebAPI", "CP.WebAPI\CP.WebAPI.csproj", "{9A24D412-68D5-466E-9D80-6BBE933426E9}"
EndProject
Project("{FAE04EC0-301F-11D3-BF4B-00C04F79EFBC}") = "CP.ServiceLayer", "CP.ServiceLayer\CP.ServiceLayer.csproj", "{B50E3529-B401-4EA7-9C5A-EAF8DE0FE60F}"
EndProject
Project("{FAE04EC0-301F-11D3-BF4B-00C04F79EFBC}") = "CP.Mobile.Android", "CP.Mobile\CP.Mobile.Android\CP.Mobile.Android.csproj", "{BA874B6E-38B2-4462-B49C-AEC170C8C1CE}"
EndProject
Global
	GlobalSection(SolutionConfigurationPlatforms) = preSolution
		Debug|Any CPU = Debug|Any CPU
		Debug|iPhone = Debug|iPhone
		Debug|iPhoneSimulator = Debug|iPhoneSimulator
		Release|Any CPU = Release|Any CPU
		Release|iPhone = Release|iPhone
		Release|iPhoneSimulator = Release|iPhoneSimulator
	EndGlobalSection
	GlobalSection(ProjectConfigurationPlatforms) = postSolution
		{651D8155-EEF3-4263-8798-005EF9A9AB29}.Debug|Any CPU.ActiveCfg = Debug|iPhone
		{651D8155-EEF3-4263-8798-005EF9A9AB29}.Debug|Any CPU.Build.0 = Debug|iPhone
		{651D8155-EEF3-4263-8798-005EF9A9AB29}.Debug|iPhone.ActiveCfg = Debug|iPhone
		{651D8155-EEF3-4263-8798-005EF9A9AB29}.Debug|iPhone.Build.0 = Debug|iPhone
		{651D8155-EEF3-4263-8798-005EF9A9AB29}.Debug|iPhoneSimulator.ActiveCfg = Debug|iPhoneSimulator
		{651D8155-EEF3-4263-8798-005EF9A9AB29}.Debug|iPhoneSimulator.Build.0 = Debug|iPhoneSimulator
		{651D8155-EEF3-4263-8798-005EF9A9AB29}.Release|Any CPU.ActiveCfg = Release|iPhone
		{651D8155-EEF3-4263-8798-005EF9A9AB29}.Release|iPhone.ActiveCfg = Release|iPhone
		{651D8155-EEF3-4263-8798-005EF9A9AB29}.Release|iPhone.Build.0 = Release|iPhone
		{651D8155-EEF3-4263-8798-005EF9A9AB29}.Release|iPhoneSimulator.ActiveCfg = Release|iPhoneSimulator
		{651D8155-EEF3-4263-8798-005EF9A9AB29}.Release|iPhoneSimulator.Build.0 = Release|iPhoneSimulator
		{A3B8816F-D644-4398-A4D9-04F60F4F44E6}.Debug|Any CPU.ActiveCfg = Debug|Any CPU
		{A3B8816F-D644-4398-A4D9-04F60F4F44E6}.Debug|Any CPU.Build.0 = Debug|Any CPU
		{A3B8816F-D644-4398-A4D9-04F60F4F44E6}.Debug|iPhone.ActiveCfg = Debug|Any CPU
		{A3B8816F-D644-4398-A4D9-04F60F4F44E6}.Debug|iPhone.Build.0 = Debug|Any CPU
		{A3B8816F-D644-4398-A4D9-04F60F4F44E6}.Debug|iPhoneSimulator.ActiveCfg = Debug|Any CPU
		{A3B8816F-D644-4398-A4D9-04F60F4F44E6}.Debug|iPhoneSimulator.Build.0 = Debug|Any CPU
		{A3B8816F-D644-4398-A4D9-04F60F4F44E6}.Release|Any CPU.ActiveCfg = Release|Any CPU
		{A3B8816F-D644-4398-A4D9-04F60F4F44E6}.Release|Any CPU.Build.0 = Release|Any CPU
		{A3B8816F-D644-4398-A4D9-04F60F4F44E6}.Release|iPhone.ActiveCfg = Release|Any CPU
		{A3B8816F-D644-4398-A4D9-04F60F4F44E6}.Release|iPhone.Build.0 = Release|Any CPU
		{A3B8816F-D644-4398-A4D9-04F60F4F44E6}.Release|iPhoneSimulator.ActiveCfg = Release|Any CPU
		{A3B8816F-D644-4398-A4D9-04F60F4F44E6}.Release|iPhoneSimulator.Build.0 = Release|Any CPU
		{9D37B782-ADCB-4790-9C03-EB5B072EC776}.Debug|Any CPU.ActiveCfg = Debug|Any CPU
		{9D37B782-ADCB-4790-9C03-EB5B072EC776}.Debug|Any CPU.Build.0 = Debug|Any CPU
		{9D37B782-ADCB-4790-9C03-EB5B072EC776}.Debug|iPhone.ActiveCfg = Debug|Any CPU
		{9D37B782-ADCB-4790-9C03-EB5B072EC776}.Debug|iPhone.Build.0 = Debug|Any CPU
		{9D37B782-ADCB-4790-9C03-EB5B072EC776}.Debug|iPhoneSimulator.ActiveCfg = Debug|Any CPU
		{9D37B782-ADCB-4790-9C03-EB5B072EC776}.Debug|iPhoneSimulator.Build.0 = Debug|Any CPU
		{9D37B782-ADCB-4790-9C03-EB5B072EC776}.Release|Any CPU.ActiveCfg = Release|Any CPU
		{9D37B782-ADCB-4790-9C03-EB5B072EC776}.Release|Any CPU.Build.0 = Release|Any CPU
		{9D37B782-ADCB-4790-9C03-EB5B072EC776}.Release|iPhone.ActiveCfg = Release|Any CPU
		{9D37B782-ADCB-4790-9C03-EB5B072EC776}.Release|iPhone.Build.0 = Release|Any CPU
		{9D37B782-ADCB-4790-9C03-EB5B072EC776}.Release|iPhoneSimulator.ActiveCfg = Release|Any CPU
		{9D37B782-ADCB-4790-9C03-EB5B072EC776}.Release|iPhoneSimulator.Build.0 = Release|Any CPU
		{DF82C02B-D7D9-41FF-AC7D-F7C85BB56C3E}.Debug|Any CPU.ActiveCfg = Debug|Any CPU
		{DF82C02B-D7D9-41FF-AC7D-F7C85BB56C3E}.Debug|Any CPU.Build.0 = Debug|Any CPU
		{DF82C02B-D7D9-41FF-AC7D-F7C85BB56C3E}.Debug|iPhone.ActiveCfg = Debug|Any CPU
		{DF82C02B-D7D9-41FF-AC7D-F7C85BB56C3E}.Debug|iPhone.Build.0 = Debug|Any CPU
		{DF82C02B-D7D9-41FF-AC7D-F7C85BB56C3E}.Debug|iPhoneSimulator.ActiveCfg = Debug|Any CPU
		{DF82C02B-D7D9-41FF-AC7D-F7C85BB56C3E}.Debug|iPhoneSimulator.Build.0 = Debug|Any CPU
		{DF82C02B-D7D9-41FF-AC7D-F7C85BB56C3E}.Release|Any CPU.ActiveCfg = Release|Any CPU
		{DF82C02B-D7D9-41FF-AC7D-F7C85BB56C3E}.Release|Any CPU.Build.0 = Release|Any CPU
		{DF82C02B-D7D9-41FF-AC7D-F7C85BB56C3E}.Release|iPhone.ActiveCfg = Release|Any CPU
		{DF82C02B-D7D9-41FF-AC7D-F7C85BB56C3E}.Release|iPhone.Build.0 = Release|Any CPU
		{DF82C02B-D7D9-41FF-AC7D-F7C85BB56C3E}.Release|iPhoneSimulator.ActiveCfg = Release|Any CPU
		{DF82C02B-D7D9-41FF-AC7D-F7C85BB56C3E}.Release|iPhoneSimulator.Build.0 = Release|Any CPU
		{944101A1-F0B4-4444-8739-9B45A1D44E6E}.Debug|Any CPU.ActiveCfg = Debug|Any CPU
		{944101A1-F0B4-4444-8739-9B45A1D44E6E}.Debug|Any CPU.Build.0 = Debug|Any CPU
		{944101A1-F0B4-4444-8739-9B45A1D44E6E}.Debug|iPhone.ActiveCfg = Debug|Any CPU
		{944101A1-F0B4-4444-8739-9B45A1D44E6E}.Debug|iPhone.Build.0 = Debug|Any CPU
		{944101A1-F0B4-4444-8739-9B45A1D44E6E}.Debug|iPhoneSimulator.ActiveCfg = Debug|Any CPU
		{944101A1-F0B4-4444-8739-9B45A1D44E6E}.Debug|iPhoneSimulator.Build.0 = Debug|Any CPU
		{944101A1-F0B4-4444-8739-9B45A1D44E6E}.Release|Any CPU.ActiveCfg = Release|Any CPU
		{944101A1-F0B4-4444-8739-9B45A1D44E6E}.Release|Any CPU.Build.0 = Release|Any CPU
		{944101A1-F0B4-4444-8739-9B45A1D44E6E}.Release|iPhone.ActiveCfg = Release|Any CPU
		{944101A1-F0B4-4444-8739-9B45A1D44E6E}.Release|iPhone.Build.0 = Release|Any CPU
		{944101A1-F0B4-4444-8739-9B45A1D44E6E}.Release|iPhoneSimulator.ActiveCfg = Release|Any CPU
		{944101A1-F0B4-4444-8739-9B45A1D44E6E}.Release|iPhoneSimulator.Build.0 = Release|Any CPU
		{BC027EB7-78F7-4106-9963-3426C8DC9C05}.Debug|Any CPU.ActiveCfg = Debug|Any CPU
		{BC027EB7-78F7-4106-9963-3426C8DC9C05}.Debug|Any CPU.Build.0 = Debug|Any CPU
		{BC027EB7-78F7-4106-9963-3426C8DC9C05}.Debug|iPhone.ActiveCfg = Debug|Any CPU
		{BC027EB7-78F7-4106-9963-3426C8DC9C05}.Debug|iPhone.Build.0 = Debug|Any CPU
		{BC027EB7-78F7-4106-9963-3426C8DC9C05}.Debug|iPhoneSimulator.ActiveCfg = Debug|Any CPU
		{BC027EB7-78F7-4106-9963-3426C8DC9C05}.Debug|iPhoneSimulator.Build.0 = Debug|Any CPU
		{BC027EB7-78F7-4106-9963-3426C8DC9C05}.Release|Any CPU.ActiveCfg = Release|Any CPU
		{BC027EB7-78F7-4106-9963-3426C8DC9C05}.Release|Any CPU.Build.0 = Release|Any CPU
		{BC027EB7-78F7-4106-9963-3426C8DC9C05}.Release|iPhone.ActiveCfg = Release|Any CPU
		{BC027EB7-78F7-4106-9963-3426C8DC9C05}.Release|iPhone.Build.0 = Release|Any CPU
		{BC027EB7-78F7-4106-9963-3426C8DC9C05}.Release|iPhoneSimulator.ActiveCfg = Release|Any CPU
		{BC027EB7-78F7-4106-9963-3426C8DC9C05}.Release|iPhoneSimulator.Build.0 = Release|Any CPU
		{9A24D412-68D5-466E-9D80-6BBE933426E9}.Debug|Any CPU.ActiveCfg = Debug|Any CPU
		{9A24D412-68D5-466E-9D80-6BBE933426E9}.Debug|Any CPU.Build.0 = Debug|Any CPU
		{9A24D412-68D5-466E-9D80-6BBE933426E9}.Debug|iPhone.ActiveCfg = Debug|Any CPU
		{9A24D412-68D5-466E-9D80-6BBE933426E9}.Debug|iPhone.Build.0 = Debug|Any CPU
		{9A24D412-68D5-466E-9D80-6BBE933426E9}.Debug|iPhoneSimulator.ActiveCfg = Debug|Any CPU
		{9A24D412-68D5-466E-9D80-6BBE933426E9}.Debug|iPhoneSimulator.Build.0 = Debug|Any CPU
		{9A24D412-68D5-466E-9D80-6BBE933426E9}.Release|Any CPU.ActiveCfg = Release|Any CPU
		{9A24D412-68D5-466E-9D80-6BBE933426E9}.Release|Any CPU.Build.0 = Release|Any CPU
		{9A24D412-68D5-466E-9D80-6BBE933426E9}.Release|iPhone.ActiveCfg = Release|Any CPU
		{9A24D412-68D5-466E-9D80-6BBE933426E9}.Release|iPhone.Build.0 = Release|Any CPU
		{9A24D412-68D5-466E-9D80-6BBE933426E9}.Release|iPhoneSimulator.ActiveCfg = Release|Any CPU
		{9A24D412-68D5-466E-9D80-6BBE933426E9}.Release|iPhoneSimulator.Build.0 = Release|Any CPU
		{B50E3529-B401-4EA7-9C5A-EAF8DE0FE60F}.Debug|Any CPU.ActiveCfg = Debug|Any CPU
		{B50E3529-B401-4EA7-9C5A-EAF8DE0FE60F}.Debug|Any CPU.Build.0 = Debug|Any CPU
		{B50E3529-B401-4EA7-9C5A-EAF8DE0FE60F}.Debug|iPhone.ActiveCfg = Debug|Any CPU
		{B50E3529-B401-4EA7-9C5A-EAF8DE0FE60F}.Debug|iPhone.Build.0 = Debug|Any CPU
		{B50E3529-B401-4EA7-9C5A-EAF8DE0FE60F}.Debug|iPhoneSimulator.ActiveCfg = Debug|Any CPU
		{B50E3529-B401-4EA7-9C5A-EAF8DE0FE60F}.Debug|iPhoneSimulator.Build.0 = Debug|Any CPU
		{B50E3529-B401-4EA7-9C5A-EAF8DE0FE60F}.Release|Any CPU.ActiveCfg = Release|Any CPU
		{B50E3529-B401-4EA7-9C5A-EAF8DE0FE60F}.Release|Any CPU.Build.0 = Release|Any CPU
		{B50E3529-B401-4EA7-9C5A-EAF8DE0FE60F}.Release|iPhone.ActiveCfg = Release|Any CPU
		{B50E3529-B401-4EA7-9C5A-EAF8DE0FE60F}.Release|iPhone.Build.0 = Release|Any CPU
		{B50E3529-B401-4EA7-9C5A-EAF8DE0FE60F}.Release|iPhoneSimulator.ActiveCfg = Release|Any CPU
		{B50E3529-B401-4EA7-9C5A-EAF8DE0FE60F}.Release|iPhoneSimulator.Build.0 = Release|Any CPU
		{BA874B6E-38B2-4462-B49C-AEC170C8C1CE}.Debug|Any CPU.ActiveCfg = Debug|Any CPU
		{BA874B6E-38B2-4462-B49C-AEC170C8C1CE}.Debug|Any CPU.Build.0 = Debug|Any CPU
		{BA874B6E-38B2-4462-B49C-AEC170C8C1CE}.Debug|Any CPU.Deploy.0 = Debug|Any CPU
		{BA874B6E-38B2-4462-B49C-AEC170C8C1CE}.Debug|iPhone.ActiveCfg = Debug|Any CPU
		{BA874B6E-38B2-4462-B49C-AEC170C8C1CE}.Debug|iPhone.Build.0 = Debug|Any CPU
		{BA874B6E-38B2-4462-B49C-AEC170C8C1CE}.Debug|iPhone.Deploy.0 = Debug|Any CPU
		{BA874B6E-38B2-4462-B49C-AEC170C8C1CE}.Debug|iPhoneSimulator.ActiveCfg = Debug|Any CPU
		{BA874B6E-38B2-4462-B49C-AEC170C8C1CE}.Debug|iPhoneSimulator.Build.0 = Debug|Any CPU
		{BA874B6E-38B2-4462-B49C-AEC170C8C1CE}.Debug|iPhoneSimulator.Deploy.0 = Debug|Any CPU
		{BA874B6E-38B2-4462-B49C-AEC170C8C1CE}.Release|Any CPU.ActiveCfg = Release|Any CPU
		{BA874B6E-38B2-4462-B49C-AEC170C8C1CE}.Release|Any CPU.Build.0 = Release|Any CPU
		{BA874B6E-38B2-4462-B49C-AEC170C8C1CE}.Release|Any CPU.Deploy.0 = Release|Any CPU
		{BA874B6E-38B2-4462-B49C-AEC170C8C1CE}.Release|iPhone.ActiveCfg = Release|Any CPU
		{BA874B6E-38B2-4462-B49C-AEC170C8C1CE}.Release|iPhone.Build.0 = Release|Any CPU
		{BA874B6E-38B2-4462-B49C-AEC170C8C1CE}.Release|iPhone.Deploy.0 = Release|Any CPU
		{BA874B6E-38B2-4462-B49C-AEC170C8C1CE}.Release|iPhoneSimulator.ActiveCfg = Release|Any CPU
		{BA874B6E-38B2-4462-B49C-AEC170C8C1CE}.Release|iPhoneSimulator.Build.0 = Release|Any CPU
		{BA874B6E-38B2-4462-B49C-AEC170C8C1CE}.Release|iPhoneSimulator.Deploy.0 = Release|Any CPU
	EndGlobalSection
	GlobalSection(SolutionProperties) = preSolution
		HideSolutionNode = FALSE
	EndGlobalSection
	GlobalSection(NestedProjects) = preSolution
		{651D8155-EEF3-4263-8798-005EF9A9AB29} = {53623744-4819-4E85-BA7C-0C091DACCEE0}
		{A3B8816F-D644-4398-A4D9-04F60F4F44E6} = {53623744-4819-4E85-BA7C-0C091DACCEE0}
		{9D37B782-ADCB-4790-9C03-EB5B072EC776} = {5ADEB6C0-66C0-4BD9-8D1C-D9A95EEE2AE5}
		{DF82C02B-D7D9-41FF-AC7D-F7C85BB56C3E} = {C4A01D37-097C-4914-932B-4CE7A6408252}
		{944101A1-F0B4-4444-8739-9B45A1D44E6E} = {2548C5F9-9EB4-429C-AF21-0D2A5B43587A}
		{BC027EB7-78F7-4106-9963-3426C8DC9C05} = {C4A01D37-097C-4914-932B-4CE7A6408252}
		{9A24D412-68D5-466E-9D80-6BBE933426E9} = {2548C5F9-9EB4-429C-AF21-0D2A5B43587A}
		{B50E3529-B401-4EA7-9C5A-EAF8DE0FE60F} = {C4A01D37-097C-4914-932B-4CE7A6408252}
		{BA874B6E-38B2-4462-B49C-AEC170C8C1CE} = {53623744-4819-4E85-BA7C-0C091DACCEE0}
	EndGlobalSection
	GlobalSection(ExtensibilityGlobals) = postSolution
		SolutionGuid = {AD03DAF6-6C11-4330-9DD5-13E7C790C010}
	EndGlobalSection
EndGlobal
